
Microsoft Visual Studio Solution File, Format Version 12.00
# Visual Studio Version 16
VisualStudioVersion = 16.0.29025.244
MinimumVisualStudioVersion = 10.0.40219.1
Project("{9A19103F-16F7-4668-BE54-9A1E7A4F7556}") = "Com.WIC.BusinessLogic", "Com.WIC.BusinessLogic\Com.WIC.BusinessLogic.csproj", "{2E27CD6A-469F-4447-8554-65893B679309}"
EndProject
Project("{9A19103F-16F7-4668-BE54-9A1E7A4F7556}") = "Com.WIC.Client.Console", "Com.WIC.Client.Console\Com.WIC.Client.Console.csproj", "{973CBD9E-6910-4541-974D-E0F25B21DD7C}"
EndProject
Project("{9A19103F-16F7-4668-BE54-9A1E7A4F7556}") = "Com.WIC.Client.Web", "Com.WIC.Client.Web\Com.WIC.Client.Web.csproj", "{543B7A70-53BA-4D93-AC00-D1EF4DC70474}"
EndProject
Project("{9A19103F-16F7-4668-BE54-9A1E7A4F7556}") = "Com.WIC.Tests.UnitTests", "Com.WIC.Tests.UnitTests\Com.WIC.Tests.UnitTests.csproj", "{B8CC46C3-5110-4017-9E06-FA83C0F34D49}"
EndProject
Project("{FAE04EC0-301F-11D3-BF4B-00C04F79EFBC}") = "Com.WIC.Encoder", "Com.WIC.Encoder\Com.WIC.Encoder.csproj", "{67349B7D-27A6-4A5E-8251-0EE5DE33838A}"
EndProject
Global
	GlobalSection(SolutionConfigurationPlatforms) = preSolution
		Debug|Any CPU = Debug|Any CPU
		Debug|iPhone = Debug|iPhone
		Debug|iPhoneSimulator = Debug|iPhoneSimulator
		Release|Any CPU = Release|Any CPU
		Release|iPhone = Release|iPhone
		Release|iPhoneSimulator = Release|iPhoneSimulator
	EndGlobalSection
	GlobalSection(ProjectConfigurationPlatforms) = postSolution
		{2E27CD6A-469F-4447-8554-65893B679309}.Debug|Any CPU.ActiveCfg = Debug|Any CPU
		{2E27CD6A-469F-4447-8554-65893B679309}.Debug|Any CPU.Build.0 = Debug|Any CPU
		{2E27CD6A-469F-4447-8554-65893B679309}.Debug|iPhone.ActiveCfg = Debug|Any CPU
		{2E27CD6A-469F-4447-8554-65893B679309}.Debug|iPhone.Build.0 = Debug|Any CPU
		{2E27CD6A-469F-4447-8554-65893B679309}.Debug|iPhoneSimulator.ActiveCfg = Debug|Any CPU
		{2E27CD6A-469F-4447-8554-65893B679309}.Debug|iPhoneSimulator.Build.0 = Debug|Any CPU
		{2E27CD6A-469F-4447-8554-65893B679309}.Release|Any CPU.ActiveCfg = Release|Any CPU
		{2E27CD6A-469F-4447-8554-65893B679309}.Release|Any CPU.Build.0 = Release|Any CPU
		{2E27CD6A-469F-4447-8554-65893B679309}.Release|iPhone.ActiveCfg = Release|Any CPU
		{2E27CD6A-469F-4447-8554-65893B679309}.Release|iPhone.Build.0 = Release|Any CPU
		{2E27CD6A-469F-4447-8554-65893B679309}.Release|iPhoneSimulator.ActiveCfg = Release|Any CPU
		{2E27CD6A-469F-4447-8554-65893B679309}.Release|iPhoneSimulator.Build.0 = Release|Any CPU
		{973CBD9E-6910-4541-974D-E0F25B21DD7C}.Debug|Any CPU.ActiveCfg = Debug|Any CPU
		{973CBD9E-6910-4541-974D-E0F25B21DD7C}.Debug|Any CPU.Build.0 = Debug|Any CPU
		{973CBD9E-6910-4541-974D-E0F25B21DD7C}.Debug|iPhone.ActiveCfg = Debug|Any CPU
		{973CBD9E-6910-4541-974D-E0F25B21DD7C}.Debug|iPhone.Build.0 = Debug|Any CPU
		{973CBD9E-6910-4541-974D-E0F25B21DD7C}.Debug|iPhoneSimulator.ActiveCfg = Debug|Any CPU
		{973CBD9E-6910-4541-974D-E0F25B21DD7C}.Debug|iPhoneSimulator.Build.0 = Debug|Any CPU
		{973CBD9E-6910-4541-974D-E0F25B21DD7C}.Release|Any CPU.ActiveCfg = Release|Any CPU
		{973CBD9E-6910-4541-974D-E0F25B21DD7C}.Release|Any CPU.Build.0 = Release|Any CPU
		{973CBD9E-6910-4541-974D-E0F25B21DD7C}.Release|iPhone.ActiveCfg = Release|Any CPU
		{973CBD9E-6910-4541-974D-E0F25B21DD7C}.Release|iPhone.Build.0 = Release|Any CPU
		{973CBD9E-6910-4541-974D-E0F25B21DD7C}.Release|iPhoneSimulator.ActiveCfg = Release|Any CPU
		{973CBD9E-6910-4541-974D-E0F25B21DD7C}.Release|iPhoneSimulator.Build.0 = Release|Any CPU
		{543B7A70-53BA-4D93-AC00-D1EF4DC70474}.Debug|Any CPU.ActiveCfg = Debug|Any CPU
		{543B7A70-53BA-4D93-AC00-D1EF4DC70474}.Debug|Any CPU.Build.0 = Debug|Any CPU
		{543B7A70-53BA-4D93-AC00-D1EF4DC70474}.Debug|iPhone.ActiveCfg = Debug|Any CPU
		{543B7A70-53BA-4D93-AC00-D1EF4DC70474}.Debug|iPhone.Build.0 = Debug|Any CPU
		{543B7A70-53BA-4D93-AC00-D1EF4DC70474}.Debug|iPhoneSimulator.ActiveCfg = Debug|Any CPU
		{543B7A70-53BA-4D93-AC00-D1EF4DC70474}.Debug|iPhoneSimulator.Build.0 = Debug|Any CPU
		{543B7A70-53BA-4D93-AC00-D1EF4DC70474}.Release|Any CPU.ActiveCfg = Release|Any CPU
		{543B7A70-53BA-4D93-AC00-D1EF4DC70474}.Release|Any CPU.Build.0 = Release|Any CPU
		{543B7A70-53BA-4D93-AC00-D1EF4DC70474}.Release|iPhone.ActiveCfg = Release|Any CPU
		{543B7A70-53BA-4D93-AC00-D1EF4DC70474}.Release|iPhone.Build.0 = Release|Any CPU
		{543B7A70-53BA-4D93-AC00-D1EF4DC70474}.Release|iPhoneSimulator.ActiveCfg = Release|Any CPU
		{543B7A70-53BA-4D93-AC00-D1EF4DC70474}.Release|iPhoneSimulator.Build.0 = Release|Any CPU
		{B8CC46C3-5110-4017-9E06-FA83C0F34D49}.Debug|Any CPU.ActiveCfg = Debug|Any CPU
		{B8CC46C3-5110-4017-9E06-FA83C0F34D49}.Debug|Any CPU.Build.0 = Debug|Any CPU
		{B8CC46C3-5110-4017-9E06-FA83C0F34D49}.Debug|iPhone.ActiveCfg = Debug|Any CPU
		{B8CC46C3-5110-4017-9E06-FA83C0F34D49}.Debug|iPhone.Build.0 = Debug|Any CPU
		{B8CC46C3-5110-4017-9E06-FA83C0F34D49}.Debug|iPhoneSimulator.ActiveCfg = Debug|Any CPU
		{B8CC46C3-5110-4017-9E06-FA83C0F34D49}.Debug|iPhoneSimulator.Build.0 = Debug|Any CPU
		{B8CC46C3-5110-4017-9E06-FA83C0F34D49}.Release|Any CPU.ActiveCfg = Release|Any CPU
		{B8CC46C3-5110-4017-9E06-FA83C0F34D49}.Release|Any CPU.Build.0 = Release|Any CPU
		{B8CC46C3-5110-4017-9E06-FA83C0F34D49}.Release|iPhone.ActiveCfg = Release|Any CPU
		{B8CC46C3-5110-4017-9E06-FA83C0F34D49}.Release|iPhone.Build.0 = Release|Any CPU
		{B8CC46C3-5110-4017-9E06-FA83C0F34D49}.Release|iPhoneSimulator.ActiveCfg = Release|Any CPU
		{B8CC46C3-5110-4017-9E06-FA83C0F34D49}.Release|iPhoneSimulator.Build.0 = Release|Any CPU
		{67349B7D-27A6-4A5E-8251-0EE5DE33838A}.Debug|Any CPU.ActiveCfg = Debug|Any CPU
		{67349B7D-27A6-4A5E-8251-0EE5DE33838A}.Debug|Any CPU.Build.0 = Debug|Any CPU
		{67349B7D-27A6-4A5E-8251-0EE5DE33838A}.Debug|iPhone.ActiveCfg = Debug|Any CPU
		{67349B7D-27A6-4A5E-8251-0EE5DE33838A}.Debug|iPhone.Build.0 = Debug|Any CPU
		{67349B7D-27A6-4A5E-8251-0EE5DE33838A}.Debug|iPhoneSimulator.ActiveCfg = Debug|Any CPU
		{67349B7D-27A6-4A5E-8251-0EE5DE33838A}.Debug|iPhoneSimulator.Build.0 = Debug|Any CPU
		{67349B7D-27A6-4A5E-8251-0EE5DE33838A}.Release|Any CPU.ActiveCfg = Release|Any CPU
		{67349B7D-27A6-4A5E-8251-0EE5DE33838A}.Release|Any CPU.Build.0 = Release|Any CPU
		{67349B7D-27A6-4A5E-8251-0EE5DE33838A}.Release|iPhone.ActiveCfg = Release|Any CPU
		{67349B7D-27A6-4A5E-8251-0EE5DE33838A}.Release|iPhone.Build.0 = Release|Any CPU
		{67349B7D-27A6-4A5E-8251-0EE5DE33838A}.Release|iPhoneSimulator.ActiveCfg = Release|Any CPU
		{67349B7D-27A6-4A5E-8251-0EE5DE33838A}.Release|iPhoneSimulator.Build.0 = Release|Any CPU
	EndGlobalSection
	GlobalSection(SolutionProperties) = preSolution
		HideSolutionNode = FALSE
	EndGlobalSection
	GlobalSection(ExtensibilityGlobals) = postSolution
		SolutionGuid = {8D2D57B0-492E-4470-B6A4-71EA7F4943E2}
	EndGlobalSection
EndGlobal
